{
  "name": "formvana",
  "version": "0.0.2",
  "lockfileVersion": 2,
  "requires": true,
  "packages": {
    "": {
      "name": "formvana",
      "version": "0.0.2",
      "license": "MIT",
      "dependencies": {
        "class-validator": "^0.13.1",
        "reflect-metadata": "^0.1.13",
        "typescript": "^3.4.3"
      },
      "peerDependencies": {
        "svelte": "^3.35.0"
      }
    },
    "node_modules/@types/validator": {
      "version": "13.1.3",
      "resolved": "https://registry.npmjs.org/@types/validator/-/validator-13.1.3.tgz",
      "integrity": "sha512-DaOWN1zf7j+8nHhqXhIgNmS+ltAC53NXqGxYuBhWqWgqolRhddKzfZU814lkHQSTG0IUfQxU7Cg0gb8fFWo2mA=="
    },
    "node_modules/class-validator": {
      "version": "0.13.1",
      "resolved": "https://registry.npmjs.org/class-validator/-/class-validator-0.13.1.tgz",
      "integrity": "sha512-zWIeYFhUitvAHBwNhDdCRK09hWx+P0HUwFE8US8/CxFpMVzkUK8RJl7yOIE+BVu2lxyPNgeOaFv78tLE47jBIg==",
      "dependencies": {
        "@types/validator": "^13.1.3",
        "libphonenumber-js": "^1.9.7",
        "validator": "^13.5.2"
      }
    },
    "node_modules/libphonenumber-js": {
      "version": "1.9.14",
      "resolved": "https://registry.npmjs.org/libphonenumber-js/-/libphonenumber-js-1.9.14.tgz",
      "integrity": "sha512-lQEHej1NQwKwmn89ixSfvj+m7Gm6AsafuxU1BMsS22VUizQPnamVslA2d5wsHHaaXOExAvlcYjUF1C7ieTzoCg=="
    },
    "node_modules/reflect-metadata": {
      "version": "0.1.13",
      "resolved": "https://registry.npmjs.org/reflect-metadata/-/reflect-metadata-0.1.13.tgz",
      "integrity": "sha512-Ts1Y/anZELhSsjMcU605fU9RE4Oi3p5ORujwbIKXfWa+0Zxs510Qrmrce5/Jowq3cHSZSJqBjypxmHarc+vEWg=="
    },
    "node_modules/svelte": {
      "version": "3.35.0",
      "resolved": "https://registry.npmjs.org/svelte/-/svelte-3.35.0.tgz",
      "integrity": "sha512-gknlZkR2sXheu/X+B7dDImwANVvK1R0QGQLd8CNIfxxGPeXBmePnxfzb6fWwTQRsYQG7lYkZXvpXJvxvpsoB7g==",
      "peer": true,
      "engines": {
        "node": ">= 8"
      }
    },
    "node_modules/typescript": {
      "version": "3.9.9",
      "resolved": "https://registry.npmjs.org/typescript/-/typescript-3.9.9.tgz",
      "integrity": "sha512-kdMjTiekY+z/ubJCATUPlRDl39vXYiMV9iyeMuEuXZh2we6zz80uovNN2WlAxmmdE/Z/YQe+EbOEXB5RHEED3w==",
      "bin": {
        "tsc": "bin/tsc",
        "tsserver": "bin/tsserver"
      },
      "engines": {
        "node": ">=4.2.0"
      }
    },
    "node_modules/validator": {
      "version": "13.5.2",
      "resolved": "https://registry.npmjs.org/validator/-/validator-13.5.2.tgz",
      "integrity": "sha512-mD45p0rvHVBlY2Zuy3F3ESIe1h5X58GPfAtslBjY7EtTqGquZTj+VX/J4RnHWN8FKq0C9WRVt1oWAcytWRuYLQ==",
      "engines": {
        "node": ">= 0.10"
      }
    }
  },
  "dependencies": {
    "@types/validator": {
      "version": "13.1.3",
      "resolved": "https://registry.npmjs.org/@types/validator/-/validator-13.1.3.tgz",
      "integrity": "sha512-DaOWN1zf7j+8nHhqXhIgNmS+ltAC53NXqGxYuBhWqWgqolRhddKzfZU814lkHQSTG0IUfQxU7Cg0gb8fFWo2mA=="
    },
    "class-validator": {
      "version": "0.13.1",
      "resolved": "https://registry.npmjs.org/class-validator/-/class-validator-0.13.1.tgz",
      "integrity": "sha512-zWIeYFhUitvAHBwNhDdCRK09hWx+P0HUwFE8US8/CxFpMVzkUK8RJl7yOIE+BVu2lxyPNgeOaFv78tLE47jBIg==",
      "requires": {
        "@types/validator": "^13.1.3",
        "libphonenumber-js": "^1.9.7",
        "validator": "^13.5.2"
      }
    },
    "libphonenumber-js": {
      "version": "1.9.14",
      "resolved": "https://registry.npmjs.org/libphonenumber-js/-/libphonenumber-js-1.9.14.tgz",
      "integrity": "sha512-lQEHej1NQwKwmn89ixSfvj+m7Gm6AsafuxU1BMsS22VUizQPnamVslA2d5wsHHaaXOExAvlcYjUF1C7ieTzoCg=="
    },
    "reflect-metadata": {
      "version": "0.1.13",
      "resolved": "https://registry.npmjs.org/reflect-metadata/-/reflect-metadata-0.1.13.tgz",
      "integrity": "sha512-Ts1Y/anZELhSsjMcU605fU9RE4Oi3p5ORujwbIKXfWa+0Zxs510Qrmrce5/Jowq3cHSZSJqBjypxmHarc+vEWg=="
    },
    "svelte": {
      "version": "3.35.0",
      "resolved": "https://registry.npmjs.org/svelte/-/svelte-3.35.0.tgz",
      "integrity": "sha512-gknlZkR2sXheu/X+B7dDImwANVvK1R0QGQLd8CNIfxxGPeXBmePnxfzb6fWwTQRsYQG7lYkZXvpXJvxvpsoB7g==",
      "peer": true
    },
    "typescript": {
      "version": "3.9.9",
      "resolved": "https://registry.npmjs.org/typescript/-/typescript-3.9.9.tgz",
      "integrity": "sha512-kdMjTiekY+z/ubJCATUPlRDl39vXYiMV9iyeMuEuXZh2we6zz80uovNN2WlAxmmdE/Z/YQe+EbOEXB5RHEED3w=="
    },
    "validator": {
      "version": "13.5.2",
      "resolved": "https://registry.npmjs.org/validator/-/validator-13.5.2.tgz",
      "integrity": "sha512-mD45p0rvHVBlY2Zuy3F3ESIe1h5X58GPfAtslBjY7EtTqGquZTj+VX/J4RnHWN8FKq0C9WRVt1oWAcytWRuYLQ=="
    }
  }
}
