{
  "name": "formvana",
  "version": "0.0.2",
  "lockfileVersion": 2,
  "requires": true,
  "packages": {
    "": {
      "name": "formvana",
      "version": "0.0.2",
      "license": "MIT",
      "dependencies": {
        "reflect-metadata": "^0.1.13",
        "typescript": "^3.4.3"
      },
      "peerDependencies": {
        "svelte": "^3.35.0"
      }
    },
    "../node_modules/reflect-metadata": {
      "version": "0.1.13",
      "license": "Apache-2.0",
      "devDependencies": {
        "@types/chai": "^3.4.34",
        "@types/mocha": "^2.2.34",
        "@types/node": "^6.0.52",
        "chai": "^3.5.0",
        "del": "^2.2.2",
        "ecmarkup": "^3.9.3",
        "gulp": "^3.9.1",
        "gulp-emu": "^1.1.0",
        "gulp-live-server": "0.0.30",
        "gulp-mocha": "^3.0.1",
        "gulp-rename": "^1.2.2",
        "gulp-sequence": "^0.4.6",
        "gulp-tsb": "^2.0.3",
        "mocha": "^3.2.0",
        "typescript": "^2.1.4"
      }
    },
    "../node_modules/svelte": {
      "version": "3.38.2",
      "license": "MIT",
      "peer": true,
      "devDependencies": {
        "@ampproject/remapping": "^0.3.0",
        "@rollup/plugin-commonjs": "^11.0.0",
        "@rollup/plugin-json": "^4.0.1",
        "@rollup/plugin-node-resolve": "^6.0.0",
        "@rollup/plugin-replace": "^2.3.0",
        "@rollup/plugin-sucrase": "^3.1.0",
        "@rollup/plugin-typescript": "^2.0.1",
        "@rollup/plugin-virtual": "^2.0.0",
        "@sveltejs/eslint-config": "github:sveltejs/eslint-config#v5.6.0",
        "@types/mocha": "^7.0.0",
        "@types/node": "^8.10.53",
        "@typescript-eslint/eslint-plugin": "^4.9.0",
        "@typescript-eslint/parser": "^4.9.0",
        "acorn": "^7.4.0",
        "agadoo": "^1.1.0",
        "c8": "^5.0.1",
        "code-red": "^0.1.4",
        "codecov": "^3.5.0",
        "css-tree": "^1.1.2",
        "eslint": "^7.15.0",
        "eslint-plugin-import": "^2.22.1",
        "eslint-plugin-svelte3": "^2.7.3",
        "estree-walker": "^1.0.0",
        "is-reference": "^1.1.4",
        "jsdom": "^15.2.1",
        "kleur": "^3.0.3",
        "locate-character": "^2.0.5",
        "magic-string": "^0.25.3",
        "mocha": "^7.0.0",
        "periscopic": "^2.0.1",
        "puppeteer": "^2.1.1",
        "rollup": "^1.27.14",
        "source-map": "^0.7.3",
        "source-map-support": "^0.5.13",
        "sourcemap-codec": "^1.4.8",
        "tiny-glob": "^0.2.6",
        "tslib": "^2.0.3",
        "typescript": "^3.7.5"
      },
      "engines": {
        "node": ">= 8"
      }
    },
    "../node_modules/typescript": {
      "version": "3.9.9",
      "license": "Apache-2.0",
      "bin": {
        "tsc": "bin/tsc",
        "tsserver": "bin/tsserver"
      },
      "devDependencies": {
        "@octokit/rest": "latest",
        "@types/browserify": "latest",
        "@types/chai": "latest",
        "@types/convert-source-map": "latest",
        "@types/glob": "latest",
        "@types/gulp": "^4.0.5",
        "@types/gulp-concat": "latest",
        "@types/gulp-newer": "latest",
        "@types/gulp-rename": "0.0.33",
        "@types/gulp-sourcemaps": "0.0.32",
        "@types/jake": "latest",
        "@types/merge2": "latest",
        "@types/microsoft__typescript-etw": "latest",
        "@types/minimatch": "latest",
        "@types/minimist": "latest",
        "@types/mkdirp": "latest",
        "@types/mocha": "latest",
        "@types/ms": "latest",
        "@types/node": "latest",
        "@types/node-fetch": "^2.3.4",
        "@types/q": "latest",
        "@types/source-map-support": "latest",
        "@types/through2": "latest",
        "@types/travis-fold": "latest",
        "@types/xml2js": "^0.4.0",
        "@typescript-eslint/eslint-plugin": "2.18.0",
        "@typescript-eslint/experimental-utils": "2.18.0",
        "@typescript-eslint/parser": "2.18.0",
        "async": "latest",
        "azure-devops-node-api": "^8.0.0",
        "browser-resolve": "^1.11.2",
        "browserify": "latest",
        "chai": "latest",
        "chalk": "latest",
        "convert-source-map": "latest",
        "del": "5.1.0",
        "eslint": "6.8.0",
        "eslint-formatter-autolinkable-stylish": "1.1.1",
        "eslint-plugin-import": "2.20.0",
        "eslint-plugin-jsdoc": "21.0.0",
        "eslint-plugin-no-null": "1.0.2",
        "fancy-log": "latest",
        "fs-extra": "^6.0.1",
        "glob": "latest",
        "gulp": "^4.0.0",
        "gulp-concat": "latest",
        "gulp-insert": "latest",
        "gulp-newer": "latest",
        "gulp-rename": "latest",
        "gulp-sourcemaps": "latest",
        "istanbul": "latest",
        "merge2": "latest",
        "minimist": "latest",
        "mkdirp": "latest",
        "mocha": "latest",
        "mocha-fivemat-progress-reporter": "latest",
        "ms": "latest",
        "node-fetch": "^2.6.0",
        "playwright": "0.12.1",
        "plugin-error": "latest",
        "pretty-hrtime": "^1.0.3",
        "prex": "^0.4.3",
        "q": "latest",
        "remove-internal": "^2.9.2",
        "source-map-support": "latest",
        "through2": "latest",
        "travis-fold": "latest",
        "typescript": "^3.9.3",
        "vinyl": "latest",
        "vinyl-sourcemaps-apply": "latest",
        "xml2js": "^0.4.19"
      },
      "engines": {
        "node": ">=4.2.0"
      }
    },
    "node_modules/reflect-metadata": {
      "resolved": "../node_modules/reflect-metadata",
      "link": true
    },
    "node_modules/svelte": {
      "resolved": "../node_modules/svelte",
      "link": true
    },
    "node_modules/typescript": {
      "resolved": "../node_modules/typescript",
      "link": true
    }
  },
  "dependencies": {
    "reflect-metadata": {
      "version": "file:../node_modules/reflect-metadata",
      "requires": {
        "@types/chai": "^3.4.34",
        "@types/mocha": "^2.2.34",
        "@types/node": "^6.0.52",
        "chai": "^3.5.0",
        "del": "^2.2.2",
        "ecmarkup": "^3.9.3",
        "gulp": "^3.9.1",
        "gulp-emu": "^1.1.0",
        "gulp-live-server": "0.0.30",
        "gulp-mocha": "^3.0.1",
        "gulp-rename": "^1.2.2",
        "gulp-sequence": "^0.4.6",
        "gulp-tsb": "^2.0.3",
        "mocha": "^3.2.0",
        "typescript": "^2.1.4"
      }
    },
    "svelte": {
      "version": "file:../node_modules/svelte",
      "requires": {
        "@ampproject/remapping": "^0.3.0",
        "@rollup/plugin-commonjs": "^11.0.0",
        "@rollup/plugin-json": "^4.0.1",
        "@rollup/plugin-node-resolve": "^6.0.0",
        "@rollup/plugin-replace": "^2.3.0",
        "@rollup/plugin-sucrase": "^3.1.0",
        "@rollup/plugin-typescript": "^2.0.1",
        "@rollup/plugin-virtual": "^2.0.0",
        "@sveltejs/eslint-config": "github:sveltejs/eslint-config#v5.6.0",
        "@types/mocha": "^7.0.0",
        "@types/node": "^8.10.53",
        "@typescript-eslint/eslint-plugin": "^4.9.0",
        "@typescript-eslint/parser": "^4.9.0",
        "acorn": "^7.4.0",
        "agadoo": "^1.1.0",
        "c8": "^5.0.1",
        "code-red": "^0.1.4",
        "codecov": "^3.5.0",
        "css-tree": "^1.1.2",
        "eslint": "^7.15.0",
        "eslint-plugin-import": "^2.22.1",
        "eslint-plugin-svelte3": "^2.7.3",
        "estree-walker": "^1.0.0",
        "is-reference": "^1.1.4",
        "jsdom": "^15.2.1",
        "kleur": "^3.0.3",
        "locate-character": "^2.0.5",
        "magic-string": "^0.25.3",
        "mocha": "^7.0.0",
        "periscopic": "^2.0.1",
        "puppeteer": "^2.1.1",
        "rollup": "^1.27.14",
        "source-map": "^0.7.3",
        "source-map-support": "^0.5.13",
        "sourcemap-codec": "^1.4.8",
        "tiny-glob": "^0.2.6",
        "tslib": "^2.0.3",
        "typescript": "^3.7.5"
      }
    },
    "typescript": {
      "version": "file:../node_modules/typescript",
      "requires": {
        "@octokit/rest": "latest",
        "@types/browserify": "latest",
        "@types/chai": "latest",
        "@types/convert-source-map": "latest",
        "@types/glob": "latest",
        "@types/gulp": "^4.0.5",
        "@types/gulp-concat": "latest",
        "@types/gulp-newer": "latest",
        "@types/gulp-rename": "0.0.33",
        "@types/gulp-sourcemaps": "0.0.32",
        "@types/jake": "latest",
        "@types/merge2": "latest",
        "@types/microsoft__typescript-etw": "latest",
        "@types/minimatch": "latest",
        "@types/minimist": "latest",
        "@types/mkdirp": "latest",
        "@types/mocha": "latest",
        "@types/ms": "latest",
        "@types/node": "latest",
        "@types/node-fetch": "^2.3.4",
        "@types/q": "latest",
        "@types/source-map-support": "latest",
        "@types/through2": "latest",
        "@types/travis-fold": "latest",
        "@types/xml2js": "^0.4.0",
        "@typescript-eslint/eslint-plugin": "2.18.0",
        "@typescript-eslint/experimental-utils": "2.18.0",
        "@typescript-eslint/parser": "2.18.0",
        "async": "latest",
        "azure-devops-node-api": "^8.0.0",
        "browser-resolve": "^1.11.2",
        "browserify": "latest",
        "chai": "latest",
        "chalk": "latest",
        "convert-source-map": "latest",
        "del": "5.1.0",
        "eslint": "6.8.0",
        "eslint-formatter-autolinkable-stylish": "1.1.1",
        "eslint-plugin-import": "2.20.0",
        "eslint-plugin-jsdoc": "21.0.0",
        "eslint-plugin-no-null": "1.0.2",
        "fancy-log": "latest",
        "fs-extra": "^6.0.1",
        "glob": "latest",
        "gulp": "^4.0.0",
        "gulp-concat": "latest",
        "gulp-insert": "latest",
        "gulp-newer": "latest",
        "gulp-rename": "latest",
        "gulp-sourcemaps": "latest",
        "istanbul": "latest",
        "merge2": "latest",
        "minimist": "latest",
        "mkdirp": "latest",
        "mocha": "latest",
        "mocha-fivemat-progress-reporter": "latest",
        "ms": "latest",
        "node-fetch": "^2.6.0",
        "playwright": "0.12.1",
        "plugin-error": "latest",
        "pretty-hrtime": "^1.0.3",
        "prex": "^0.4.3",
        "q": "latest",
        "remove-internal": "^2.9.2",
        "source-map-support": "latest",
        "through2": "latest",
        "travis-fold": "latest",
        "typescript": "^3.9.3",
        "vinyl": "latest",
        "vinyl-sourcemaps-apply": "latest",
        "xml2js": "^0.4.19"
      }
    }
  }
}
